
Microsoft Visual Studio Solution File, Format Version 12.00
# Visual Studio Version 17
VisualStudioVersion = 17.7.34221.43
MinimumVisualStudioVersion = 10.0.40219.1
Project("{FAE04EC0-301F-11D3-BF4B-00C04F79EFBC}") = "HelloWorld", "HelloWorld\HelloWorld.csproj", "{A7277B3F-55F0-48A7-9729-EED2603864DC}"
EndProject
Project("{FAE04EC0-301F-11D3-BF4B-00C04F79EFBC}") = "Hello_World", "..\Hello\Hello_World\Hello_World.csproj", "{A91A814F-F7D9-4779-B41B-A646EEBCFF12}"
EndProject
Project("{FAE04EC0-301F-11D3-BF4B-00C04F79EFBC}") = "Strings", "..\Strings\Strings\Strings.csproj", "{FE5A407C-70D6-482E-BB10-3EE4E113C5BA}"
EndProject
Project("{FAE04EC0-301F-11D3-BF4B-00C04F79EFBC}") = "StringReplace", "..\dotnet_youtube\StringReplace\StringReplace.csproj", "{F1507190-1AAE-4965-A9D2-6B9494C1457F}"
EndProject
Project("{FAE04EC0-301F-11D3-BF4B-00C04F79EFBC}") = "Numbers", "..\dotnet_youtube\Numbers\Numbers.csproj", "{BB9D2B51-D9D8-4719-AB4A-6442CAF0A3EF}"
EndProject
Project("{FAE04EC0-301F-11D3-BF4B-00C04F79EFBC}") = "Conditionals", "..\dotnet_youtube\Conditionals\Conditionals.csproj", "{90818524-B6C7-444F-AB0E-57AEAEFC906D}"
EndProject
Project("{FAE04EC0-301F-11D3-BF4B-00C04F79EFBC}") = "Loops", "..\dotnet_youtube\Loops\Loops.csproj", "{DA7707C3-1941-48A8-835D-177ACCA53554}"
EndProject
Project("{FAE04EC0-301F-11D3-BF4B-00C04F79EFBC}") = "ManageData", "..\dotnet_youtube\ManageData\ManageData.csproj", "{0E76CE93-AC13-45E5-BB7B-6522D6F27629}"
EndProject
Project("{FAE04EC0-301F-11D3-BF4B-00C04F79EFBC}") = "SortingList", "..\dotnet_youtube\SortingList\SortingList.csproj", "{FCFBB6D1-BC22-48CB-B6E6-9AEF8DAF0631}"
EndProject
Project("{FAE04EC0-301F-11D3-BF4B-00C04F79EFBC}") = "LINQ", "..\dotnet_youtube\LINQ\LINQ.csproj", "{86F3C4D3-C3F7-4420-A82B-5921DF35C8C8}"
EndProject
Project("{FAE04EC0-301F-11D3-BF4B-00C04F79EFBC}") = "OOP", "..\dotnet_youtube\OOP\OOP.csproj", "{710AF691-1912-4C1E-8937-D80C7339AD3E}"
EndProject
Global
	GlobalSection(SolutionConfigurationPlatforms) = preSolution
		Debug|Any CPU = Debug|Any CPU
		Release|Any CPU = Release|Any CPU
	EndGlobalSection
	GlobalSection(ProjectConfigurationPlatforms) = postSolution
		{A7277B3F-55F0-48A7-9729-EED2603864DC}.Debug|Any CPU.ActiveCfg = Debug|Any CPU
		{A7277B3F-55F0-48A7-9729-EED2603864DC}.Debug|Any CPU.Build.0 = Debug|Any CPU
		{A7277B3F-55F0-48A7-9729-EED2603864DC}.Release|Any CPU.ActiveCfg = Release|Any CPU
		{A7277B3F-55F0-48A7-9729-EED2603864DC}.Release|Any CPU.Build.0 = Release|Any CPU
		{A91A814F-F7D9-4779-B41B-A646EEBCFF12}.Debug|Any CPU.ActiveCfg = Debug|Any CPU
		{A91A814F-F7D9-4779-B41B-A646EEBCFF12}.Debug|Any CPU.Build.0 = Debug|Any CPU
		{A91A814F-F7D9-4779-B41B-A646EEBCFF12}.Release|Any CPU.ActiveCfg = Release|Any CPU
		{A91A814F-F7D9-4779-B41B-A646EEBCFF12}.Release|Any CPU.Build.0 = Release|Any CPU
		{FE5A407C-70D6-482E-BB10-3EE4E113C5BA}.Debug|Any CPU.ActiveCfg = Debug|Any CPU
		{FE5A407C-70D6-482E-BB10-3EE4E113C5BA}.Debug|Any CPU.Build.0 = Debug|Any CPU
		{FE5A407C-70D6-482E-BB10-3EE4E113C5BA}.Release|Any CPU.ActiveCfg = Release|Any CPU
		{FE5A407C-70D6-482E-BB10-3EE4E113C5BA}.Release|Any CPU.Build.0 = Release|Any CPU
		{F1507190-1AAE-4965-A9D2-6B9494C1457F}.Debug|Any CPU.ActiveCfg = Debug|Any CPU
		{F1507190-1AAE-4965-A9D2-6B9494C1457F}.Debug|Any CPU.Build.0 = Debug|Any CPU
		{F1507190-1AAE-4965-A9D2-6B9494C1457F}.Release|Any CPU.ActiveCfg = Release|Any CPU
		{F1507190-1AAE-4965-A9D2-6B9494C1457F}.Release|Any CPU.Build.0 = Release|Any CPU
		{BB9D2B51-D9D8-4719-AB4A-6442CAF0A3EF}.Debug|Any CPU.ActiveCfg = Debug|Any CPU
		{BB9D2B51-D9D8-4719-AB4A-6442CAF0A3EF}.Debug|Any CPU.Build.0 = Debug|Any CPU
		{BB9D2B51-D9D8-4719-AB4A-6442CAF0A3EF}.Release|Any CPU.ActiveCfg = Release|Any CPU
		{BB9D2B51-D9D8-4719-AB4A-6442CAF0A3EF}.Release|Any CPU.Build.0 = Release|Any CPU
		{90818524-B6C7-444F-AB0E-57AEAEFC906D}.Debug|Any CPU.ActiveCfg = Debug|Any CPU
		{90818524-B6C7-444F-AB0E-57AEAEFC906D}.Debug|Any CPU.Build.0 = Debug|Any CPU
		{90818524-B6C7-444F-AB0E-57AEAEFC906D}.Release|Any CPU.ActiveCfg = Release|Any CPU
		{90818524-B6C7-444F-AB0E-57AEAEFC906D}.Release|Any CPU.Build.0 = Release|Any CPU
		{DA7707C3-1941-48A8-835D-177ACCA53554}.Debug|Any CPU.ActiveCfg = Debug|Any CPU
		{DA7707C3-1941-48A8-835D-177ACCA53554}.Debug|Any CPU.Build.0 = Debug|Any CPU
		{DA7707C3-1941-48A8-835D-177ACCA53554}.Release|Any CPU.ActiveCfg = Release|Any CPU
		{DA7707C3-1941-48A8-835D-177ACCA53554}.Release|Any CPU.Build.0 = Release|Any CPU
		{0E76CE93-AC13-45E5-BB7B-6522D6F27629}.Debug|Any CPU.ActiveCfg = Debug|Any CPU
		{0E76CE93-AC13-45E5-BB7B-6522D6F27629}.Debug|Any CPU.Build.0 = Debug|Any CPU
		{0E76CE93-AC13-45E5-BB7B-6522D6F27629}.Release|Any CPU.ActiveCfg = Release|Any CPU
		{0E76CE93-AC13-45E5-BB7B-6522D6F27629}.Release|Any CPU.Build.0 = Release|Any CPU
		{FCFBB6D1-BC22-48CB-B6E6-9AEF8DAF0631}.Debug|Any CPU.ActiveCfg = Debug|Any CPU
		{FCFBB6D1-BC22-48CB-B6E6-9AEF8DAF0631}.Debug|Any CPU.Build.0 = Debug|Any CPU
		{FCFBB6D1-BC22-48CB-B6E6-9AEF8DAF0631}.Release|Any CPU.ActiveCfg = Release|Any CPU
		{FCFBB6D1-BC22-48CB-B6E6-9AEF8DAF0631}.Release|Any CPU.Build.0 = Release|Any CPU
		{86F3C4D3-C3F7-4420-A82B-5921DF35C8C8}.Debug|Any CPU.ActiveCfg = Debug|Any CPU
		{86F3C4D3-C3F7-4420-A82B-5921DF35C8C8}.Debug|Any CPU.Build.0 = Debug|Any CPU
		{86F3C4D3-C3F7-4420-A82B-5921DF35C8C8}.Release|Any CPU.ActiveCfg = Release|Any CPU
		{86F3C4D3-C3F7-4420-A82B-5921DF35C8C8}.Release|Any CPU.Build.0 = Release|Any CPU
		{710AF691-1912-4C1E-8937-D80C7339AD3E}.Debug|Any CPU.ActiveCfg = Debug|Any CPU
		{710AF691-1912-4C1E-8937-D80C7339AD3E}.Debug|Any CPU.Build.0 = Debug|Any CPU
		{710AF691-1912-4C1E-8937-D80C7339AD3E}.Release|Any CPU.ActiveCfg = Release|Any CPU
		{710AF691-1912-4C1E-8937-D80C7339AD3E}.Release|Any CPU.Build.0 = Release|Any CPU
	EndGlobalSection
	GlobalSection(SolutionProperties) = preSolution
		HideSolutionNode = FALSE
	EndGlobalSection
	GlobalSection(ExtensibilityGlobals) = postSolution
		SolutionGuid = {922771A2-E4D5-40DD-967F-5873D74525BA}
	EndGlobalSection
EndGlobal
